
Microsoft Visual Studio Solution File, Format Version 11.00
# Visual Studio 2010
Project("{FAE04EC0-301F-11D3-BF4B-00C04F79EFBC}") = "IISProcessScheduler", "IISProcessScheduler\IISProcessScheduler.csproj", "{E00E7417-908D-4962-AB5E-68E7B4D61A02}"
EndProject
Project("{FAE04EC0-301F-11D3-BF4B-00C04F79EFBC}") = "IISProcessScheduler.Tests", "IISProcessScheduler.Tests\IISProcessScheduler.Tests.csproj", "{3BDF542C-B1F8-47AD-810A-A2783D826AAA}"
EndProject
Project("{2150E333-8FDC-42A3-9474-1A3956D46DE8}") = "Dependencies", "Dependencies", "{958E3BF3-AB5D-4F64-B1C9-0A9A459A1C41}"
	ProjectSection(SolutionItems) = preProject
		Dependencies\Microsoft.Web.Administration.dll = Dependencies\Microsoft.Web.Administration.dll
		Dependencies\nunit.framework.dll = Dependencies\nunit.framework.dll
	EndProjectSection
EndProject
Project("{54435603-DBB4-11D2-8724-00A0C9A8B90C}") = "IISProcessScheduler.Setup", "IISProcessScheduler.Setup\IISProcessScheduler.Setup.vdproj", "{413739AE-0E41-4629-B796-7B06CAA56FA1}"
EndProject
Global
	GlobalSection(TeamFoundationVersionControl) = preSolution
		SccNumberOfProjects = 4
		SccEnterpriseProvider = {4CA58AB2-18FA-4F8D-95D4-32DDF27D184C}
		SccTeamFoundationServer = https://tfs.codeplex.com/tfs/tfs02
		SccLocalPath0 = .
		SccProjectUniqueName1 = IISProcessScheduler\\IISProcessScheduler.csproj
		SccProjectName1 = IISProcessScheduler
		SccLocalPath1 = IISProcessScheduler
		SccProjectUniqueName2 = IISProcessScheduler.Tests\\IISProcessScheduler.Tests.csproj
		SccProjectName2 = IISProcessScheduler.Tests
		SccLocalPath2 = IISProcessScheduler.Tests
		SccProjectUniqueName3 = IISProcessScheduler.Setup\\IISProcessScheduler.Setup.vdproj
		SccProjectName3 = IISProcessScheduler.Setup
		SccLocalPath3 = IISProcessScheduler.Setup
	EndGlobalSection
	GlobalSection(SolutionConfigurationPlatforms) = preSolution
		Debug|Any CPU = Debug|Any CPU
		Debug|Mixed Platforms = Debug|Mixed Platforms
		Debug|x86 = Debug|x86
		Release|Any CPU = Release|Any CPU
		Release|Mixed Platforms = Release|Mixed Platforms
		Release|x86 = Release|x86
	EndGlobalSection
	GlobalSection(ProjectConfigurationPlatforms) = postSolution
		{E00E7417-908D-4962-AB5E-68E7B4D61A02}.Debug|Any CPU.ActiveCfg = Debug|Any CPU
		{E00E7417-908D-4962-AB5E-68E7B4D61A02}.Debug|Any CPU.Build.0 = Debug|Any CPU
		{E00E7417-908D-4962-AB5E-68E7B4D61A02}.Debug|Mixed Platforms.ActiveCfg = Debug|Any CPU
		{E00E7417-908D-4962-AB5E-68E7B4D61A02}.Debug|Mixed Platforms.Build.0 = Debug|Any CPU
		{E00E7417-908D-4962-AB5E-68E7B4D61A02}.Debug|x86.ActiveCfg = Debug|Any CPU
		{E00E7417-908D-4962-AB5E-68E7B4D61A02}.Release|Any CPU.ActiveCfg = Release|Any CPU
		{E00E7417-908D-4962-AB5E-68E7B4D61A02}.Release|Any CPU.Build.0 = Release|Any CPU
		{E00E7417-908D-4962-AB5E-68E7B4D61A02}.Release|Mixed Platforms.ActiveCfg = Release|Any CPU
		{E00E7417-908D-4962-AB5E-68E7B4D61A02}.Release|Mixed Platforms.Build.0 = Release|Any CPU
		{E00E7417-908D-4962-AB5E-68E7B4D61A02}.Release|x86.ActiveCfg = Release|Any CPU
		{3BDF542C-B1F8-47AD-810A-A2783D826AAA}.Debug|Any CPU.ActiveCfg = Debug|Any CPU
		{3BDF542C-B1F8-47AD-810A-A2783D826AAA}.Debug|Any CPU.Build.0 = Debug|Any CPU
		{3BDF542C-B1F8-47AD-810A-A2783D826AAA}.Debug|Mixed Platforms.ActiveCfg = Debug|Any CPU
		{3BDF542C-B1F8-47AD-810A-A2783D826AAA}.Debug|Mixed Platforms.Build.0 = Debug|Any CPU
		{3BDF542C-B1F8-47AD-810A-A2783D826AAA}.Debug|x86.ActiveCfg = Debug|Any CPU
		{3BDF542C-B1F8-47AD-810A-A2783D826AAA}.Release|Any CPU.ActiveCfg = Release|Any CPU
		{3BDF542C-B1F8-47AD-810A-A2783D826AAA}.Release|Any CPU.Build.0 = Release|Any CPU
		{3BDF542C-B1F8-47AD-810A-A2783D826AAA}.Release|Mixed Platforms.ActiveCfg = Release|Any CPU
		{3BDF542C-B1F8-47AD-810A-A2783D826AAA}.Release|Mixed Platforms.Build.0 = Release|Any CPU
		{3BDF542C-B1F8-47AD-810A-A2783D826AAA}.Release|x86.ActiveCfg = Release|Any CPU
		{413739AE-0E41-4629-B796-7B06CAA56FA1}.Debug|Any CPU.ActiveCfg = Debug
		{413739AE-0E41-4629-B796-7B06CAA56FA1}.Debug|Mixed Platforms.ActiveCfg = Debug
		{413739AE-0E41-4629-B796-7B06CAA56FA1}.Debug|Mixed Platforms.Build.0 = Debug
		{413739AE-0E41-4629-B796-7B06CAA56FA1}.Debug|x86.ActiveCfg = Debug
		{413739AE-0E41-4629-B796-7B06CAA56FA1}.Debug|x86.Build.0 = Debug
		{413739AE-0E41-4629-B796-7B06CAA56FA1}.Release|Any CPU.ActiveCfg = Release
		{413739AE-0E41-4629-B796-7B06CAA56FA1}.Release|Mixed Platforms.ActiveCfg = Release
		{413739AE-0E41-4629-B796-7B06CAA56FA1}.Release|Mixed Platforms.Build.0 = Release
		{413739AE-0E41-4629-B796-7B06CAA56FA1}.Release|x86.ActiveCfg = Release
		{413739AE-0E41-4629-B796-7B06CAA56FA1}.Release|x86.Build.0 = Release
	EndGlobalSection
	GlobalSection(SolutionProperties) = preSolution
		HideSolutionNode = FALSE
	EndGlobalSection
EndGlobal
